
Microsoft Visual Studio Solution File, Format Version 12.00
# Visual Studio Version 17
VisualStudioVersion = 17.9.34728.123
MinimumVisualStudioVersion = 10.0.40219.1
Project("{FAE04EC0-301F-11D3-BF4B-00C04F79EFBC}") = "corriculum", "corriculum\corriculum.csproj", "{0BB0D41C-C829-4A36-A218-1D4B4EF3FFCD}"
EndProject
Global
	GlobalSection(SolutionConfigurationPlatforms) = preSolution
		Debug|Any CPU = Debug|Any CPU
		Release|Any CPU = Release|Any CPU
	EndGlobalSection
	GlobalSection(ProjectConfigurationPlatforms) = postSolution
		{0BB0D41C-C829-4A36-A218-1D4B4EF3FFCD}.Debug|Any CPU.ActiveCfg = Debug|Any CPU
		{0BB0D41C-C829-4A36-A218-1D4B4EF3FFCD}.Debug|Any CPU.Build.0 = Debug|Any CPU
		{0BB0D41C-C829-4A36-A218-1D4B4EF3FFCD}.Release|Any CPU.ActiveCfg = Release|Any CPU
		{0BB0D41C-C829-4A36-A218-1D4B4EF3FFCD}.Release|Any CPU.Build.0 = Release|Any CPU
	EndGlobalSection
	GlobalSection(SolutionProperties) = preSolution
		HideSolutionNode = FALSE
	EndGlobalSection
	GlobalSection(ExtensibilityGlobals) = postSolution
		SolutionGuid = {78C53BC6-D85C-48AA-8240-EC9779D67E9E}
	EndGlobalSection
EndGlobal
